# This file was autogenerated by Stack.
# You should not edit this file by hand.
# For more information, please see the documentation at:
#   https://docs.haskellstack.org/en/stable/lock_files

packages:
- completed:
    name: libmpd
    pantry-tree:
      sha256: 0a9c3a98e6c6e6767eb97b376be1393bdca6710a42aa261ee40e3d1de81ed966
      size: 5179
    sha256: a9348fe8b9f0e845259a45a4323c42758f27e0b0b4ac3b626e1acc91777c0a44
    size: 50385
    url: https://github.com/peti/libmpd-haskell/archive/5737096a339edc265a663f51ad9d29baee262694.tar.gz
    version: 0.10.0.0
  original:
    url: https://github.com/peti/libmpd-haskell/archive/5737096a339edc265a663f51ad9d29baee262694.tar.gz
snapshots:
- completed:
    sha256: 1d663bec402f77fa09fa3e8cf288c3c7eb18a1f28a5e0c331ac47adeacd21346
    size: 640034
    url: https://raw.githubusercontent.com/commercialhaskell/stackage-snapshots/master/lts/21/16.yaml
  original: lts-21.16
