# This file was autogenerated by Stack.
# You should not edit this file by hand.
# For more information, please see the documentation at:
#   https://docs.haskellstack.org/en/stable/lock_files

packages: []
snapshots:
- completed:
    size: 507625
    url: https://raw.githubusercontent.com/commercialhaskell/stackage-snapshots/master/lts/11/7.yaml
    sha256: 4c9d564321bb3a3370aeafebff848da9f3723de92b60b98b2e03f6213f65c232
  original: lts-11.7
